
Microsoft Visual Studio Solution File, Format Version 12.00
# Visual Studio Version 16
VisualStudioVersion = 16.0.32802.440
MinimumVisualStudioVersion = 10.0.40219.1
Project("{FAE04EC0-301F-11D3-BF4B-00C04F79EFBC}") = "Rock Paper Scissors", "Rock Paper Scissors.csproj", "{79EC9B80-5DEE-46BB-A25C-3E1F5422B8A8}"
EndProject
Global
	GlobalSection(SolutionConfigurationPlatforms) = preSolution
		Debug|Any CPU = Debug|Any CPU
		Release|Any CPU = Release|Any CPU
	EndGlobalSection
	GlobalSection(ProjectConfigurationPlatforms) = postSolution
		{79EC9B80-5DEE-46BB-A25C-3E1F5422B8A8}.Debug|Any CPU.ActiveCfg = Debug|Any CPU
		{79EC9B80-5DEE-46BB-A25C-3E1F5422B8A8}.Debug|Any CPU.Build.0 = Debug|Any CPU
		{79EC9B80-5DEE-46BB-A25C-3E1F5422B8A8}.Release|Any CPU.ActiveCfg = Release|Any CPU
		{79EC9B80-5DEE-46BB-A25C-3E1F5422B8A8}.Release|Any CPU.Build.0 = Release|Any CPU
	EndGlobalSection
	GlobalSection(SolutionProperties) = preSolution
		HideSolutionNode = FALSE
	EndGlobalSection
	GlobalSection(ExtensibilityGlobals) = postSolution
		SolutionGuid = {62D24F52-5C05-4867-9780-D002CFD27C92}
	EndGlobalSection
EndGlobal
